
Microsoft Visual Studio Solution File, Format Version 12.00
# Visual Studio Version 17
VisualStudioVersion = 17.3.32922.545
MinimumVisualStudioVersion = 10.0.40219.1
Project("{FAE04EC0-301F-11D3-BF4B-00C04F79EFBC}") = "DCS显示器设置", "DCS显示器设置\DCS显示器设置.csproj", "{721691D5-409B-472D-A201-C5EAEDFB5DC0}"
EndProject
Global
	GlobalSection(SolutionConfigurationPlatforms) = preSolution
		Debug|Any CPU = Debug|Any CPU
		Release|Any CPU = Release|Any CPU
	EndGlobalSection
	GlobalSection(ProjectConfigurationPlatforms) = postSolution
		{721691D5-409B-472D-A201-C5EAEDFB5DC0}.Debug|Any CPU.ActiveCfg = Debug|Any CPU
		{721691D5-409B-472D-A201-C5EAEDFB5DC0}.Debug|Any CPU.Build.0 = Debug|Any CPU
		{721691D5-409B-472D-A201-C5EAEDFB5DC0}.Release|Any CPU.ActiveCfg = Release|Any CPU
		{721691D5-409B-472D-A201-C5EAEDFB5DC0}.Release|Any CPU.Build.0 = Release|Any CPU
	EndGlobalSection
	GlobalSection(SolutionProperties) = preSolution
		HideSolutionNode = FALSE
	EndGlobalSection
	GlobalSection(ExtensibilityGlobals) = postSolution
		SolutionGuid = {3FE679CA-8C17-4AE0-B6A3-9C5688F004A6}
	EndGlobalSection
EndGlobal
